
Microsoft Visual Studio Solution File, Format Version 12.00
# Visual Studio 15
VisualStudioVersion = 15.0.27428.2015
MinimumVisualStudioVersion = 10.0.40219.1
Project("{FAE04EC0-301F-11D3-BF4B-00C04F79EFBC}") = "WindowsFormsApp1", "WindowsFormsApp1\WindowsFormsApp1.csproj", "{0A9CF154-C8E5-44D5-9FF4-46F30046C405}"
EndProject
Project("{FAE04EC0-301F-11D3-BF4B-00C04F79EFBC}") = "UnitTests", "UnitTests\UnitTests.csproj", "{9DA06D95-CCD6-4168-80C4-A919EDF8038C}"
EndProject
Global
	GlobalSection(SolutionConfigurationPlatforms) = preSolution
		Debug|Any CPU = Debug|Any CPU
		Release|Any CPU = Release|Any CPU
	EndGlobalSection
	GlobalSection(ProjectConfigurationPlatforms) = postSolution
		{0A9CF154-C8E5-44D5-9FF4-46F30046C405}.Debug|Any CPU.ActiveCfg = Debug|Any CPU
		{0A9CF154-C8E5-44D5-9FF4-46F30046C405}.Debug|Any CPU.Build.0 = Debug|Any CPU
		{0A9CF154-C8E5-44D5-9FF4-46F30046C405}.Release|Any CPU.ActiveCfg = Release|Any CPU
		{0A9CF154-C8E5-44D5-9FF4-46F30046C405}.Release|Any CPU.Build.0 = Release|Any CPU
		{9DA06D95-CCD6-4168-80C4-A919EDF8038C}.Debug|Any CPU.ActiveCfg = Debug|Any CPU
		{9DA06D95-CCD6-4168-80C4-A919EDF8038C}.Debug|Any CPU.Build.0 = Debug|Any CPU
		{9DA06D95-CCD6-4168-80C4-A919EDF8038C}.Release|Any CPU.ActiveCfg = Release|Any CPU
		{9DA06D95-CCD6-4168-80C4-A919EDF8038C}.Release|Any CPU.Build.0 = Release|Any CPU
	EndGlobalSection
	GlobalSection(SolutionProperties) = preSolution
		HideSolutionNode = FALSE
	EndGlobalSection
	GlobalSection(ExtensibilityGlobals) = postSolution
		SolutionGuid = {54C32515-7473-44EA-A5B4-87D228240C7E}
	EndGlobalSection
EndGlobal
